
Microsoft Visual Studio Solution File, Format Version 12.00
# Visual Studio 15
VisualStudioVersion = 15.0.27428.2037
MinimumVisualStudioVersion = 10.0.40219.1
Project("{FAE04EC0-301F-11D3-BF4B-00C04F79EFBC}") = "XLabs.Samples", "XLabs.Samples\XLabs.Samples.csproj", "{3C2A9E36-2D18-4780-9C40-3213471B716C}"
EndProject
Project("{FAE04EC0-301F-11D3-BF4B-00C04F79EFBC}") = "XLabs.Samples.Droid", "XLabs.Samples.Droid\XLabs.Samples.Droid.csproj", "{9D3710BB-4550-4825-8392-2763903BB335}"
EndProject
Project("{FAE04EC0-301F-11D3-BF4B-00C04F79EFBC}") = "XLabs.Samples.iOS", "XLabs.Samples.iOS\XLabs.Samples.iOS.csproj", "{3370101A-47EC-49B4-ABAF-2249A70B79E3}"
EndProject
Global
	GlobalSection(SolutionConfigurationPlatforms) = preSolution
		Ad-Hoc|Any CPU = Ad-Hoc|Any CPU
		Ad-Hoc|iPhone = Ad-Hoc|iPhone
		Ad-Hoc|iPhoneSimulator = Ad-Hoc|iPhoneSimulator
		AppStore|Any CPU = AppStore|Any CPU
		AppStore|iPhone = AppStore|iPhone
		AppStore|iPhoneSimulator = AppStore|iPhoneSimulator
		Debug|Any CPU = Debug|Any CPU
		Debug|iPhone = Debug|iPhone
		Debug|iPhoneSimulator = Debug|iPhoneSimulator
		Release|Any CPU = Release|Any CPU
		Release|iPhone = Release|iPhone
		Release|iPhoneSimulator = Release|iPhoneSimulator
	EndGlobalSection
	GlobalSection(ProjectConfigurationPlatforms) = postSolution
		{3C2A9E36-2D18-4780-9C40-3213471B716C}.Ad-Hoc|Any CPU.ActiveCfg = Release|Any CPU
		{3C2A9E36-2D18-4780-9C40-3213471B716C}.Ad-Hoc|Any CPU.Build.0 = Release|Any CPU
		{3C2A9E36-2D18-4780-9C40-3213471B716C}.Ad-Hoc|iPhone.ActiveCfg = Release|Any CPU
		{3C2A9E36-2D18-4780-9C40-3213471B716C}.Ad-Hoc|iPhone.Build.0 = Release|Any CPU
		{3C2A9E36-2D18-4780-9C40-3213471B716C}.Ad-Hoc|iPhoneSimulator.ActiveCfg = Release|Any CPU
		{3C2A9E36-2D18-4780-9C40-3213471B716C}.Ad-Hoc|iPhoneSimulator.Build.0 = Release|Any CPU
		{3C2A9E36-2D18-4780-9C40-3213471B716C}.AppStore|Any CPU.ActiveCfg = Release|Any CPU
		{3C2A9E36-2D18-4780-9C40-3213471B716C}.AppStore|Any CPU.Build.0 = Release|Any CPU
		{3C2A9E36-2D18-4780-9C40-3213471B716C}.AppStore|iPhone.ActiveCfg = Release|Any CPU
		{3C2A9E36-2D18-4780-9C40-3213471B716C}.AppStore|iPhone.Build.0 = Release|Any CPU
		{3C2A9E36-2D18-4780-9C40-3213471B716C}.AppStore|iPhoneSimulator.ActiveCfg = Release|Any CPU
		{3C2A9E36-2D18-4780-9C40-3213471B716C}.AppStore|iPhoneSimulator.Build.0 = Release|Any CPU
		{3C2A9E36-2D18-4780-9C40-3213471B716C}.Debug|Any CPU.ActiveCfg = Debug|Any CPU
		{3C2A9E36-2D18-4780-9C40-3213471B716C}.Debug|Any CPU.Build.0 = Debug|Any CPU
		{3C2A9E36-2D18-4780-9C40-3213471B716C}.Debug|iPhone.ActiveCfg = Debug|Any CPU
		{3C2A9E36-2D18-4780-9C40-3213471B716C}.Debug|iPhone.Build.0 = Debug|Any CPU
		{3C2A9E36-2D18-4780-9C40-3213471B716C}.Debug|iPhoneSimulator.ActiveCfg = Debug|Any CPU
		{3C2A9E36-2D18-4780-9C40-3213471B716C}.Debug|iPhoneSimulator.Build.0 = Debug|Any CPU
		{3C2A9E36-2D18-4780-9C40-3213471B716C}.Release|Any CPU.ActiveCfg = Release|Any CPU
		{3C2A9E36-2D18-4780-9C40-3213471B716C}.Release|Any CPU.Build.0 = Release|Any CPU
		{3C2A9E36-2D18-4780-9C40-3213471B716C}.Release|iPhone.ActiveCfg = Release|Any CPU
		{3C2A9E36-2D18-4780-9C40-3213471B716C}.Release|iPhone.Build.0 = Release|Any CPU
		{3C2A9E36-2D18-4780-9C40-3213471B716C}.Release|iPhoneSimulator.ActiveCfg = Release|Any CPU
		{3C2A9E36-2D18-4780-9C40-3213471B716C}.Release|iPhoneSimulator.Build.0 = Release|Any CPU
		{9D3710BB-4550-4825-8392-2763903BB335}.Ad-Hoc|Any CPU.ActiveCfg = Release|Any CPU
		{9D3710BB-4550-4825-8392-2763903BB335}.Ad-Hoc|Any CPU.Build.0 = Release|Any CPU
		{9D3710BB-4550-4825-8392-2763903BB335}.Ad-Hoc|Any CPU.Deploy.0 = Release|Any CPU
		{9D3710BB-4550-4825-8392-2763903BB335}.Ad-Hoc|iPhone.ActiveCfg = Release|Any CPU
		{9D3710BB-4550-4825-8392-2763903BB335}.Ad-Hoc|iPhone.Build.0 = Release|Any CPU
		{9D3710BB-4550-4825-8392-2763903BB335}.Ad-Hoc|iPhone.Deploy.0 = Release|Any CPU
		{9D3710BB-4550-4825-8392-2763903BB335}.Ad-Hoc|iPhoneSimulator.ActiveCfg = Release|Any CPU
		{9D3710BB-4550-4825-8392-2763903BB335}.Ad-Hoc|iPhoneSimulator.Build.0 = Release|Any CPU
		{9D3710BB-4550-4825-8392-2763903BB335}.Ad-Hoc|iPhoneSimulator.Deploy.0 = Release|Any CPU
		{9D3710BB-4550-4825-8392-2763903BB335}.AppStore|Any CPU.ActiveCfg = Release|Any CPU
		{9D3710BB-4550-4825-8392-2763903BB335}.AppStore|Any CPU.Build.0 = Release|Any CPU
		{9D3710BB-4550-4825-8392-2763903BB335}.AppStore|Any CPU.Deploy.0 = Release|Any CPU
		{9D3710BB-4550-4825-8392-2763903BB335}.AppStore|iPhone.ActiveCfg = Release|Any CPU
		{9D3710BB-4550-4825-8392-2763903BB335}.AppStore|iPhone.Build.0 = Release|Any CPU
		{9D3710BB-4550-4825-8392-2763903BB335}.AppStore|iPhone.Deploy.0 = Release|Any CPU
		{9D3710BB-4550-4825-8392-2763903BB335}.AppStore|iPhoneSimulator.ActiveCfg = Release|Any CPU
		{9D3710BB-4550-4825-8392-2763903BB335}.AppStore|iPhoneSimulator.Build.0 = Release|Any CPU
		{9D3710BB-4550-4825-8392-2763903BB335}.AppStore|iPhoneSimulator.Deploy.0 = Release|Any CPU
		{9D3710BB-4550-4825-8392-2763903BB335}.Debug|Any CPU.ActiveCfg = Debug|Any CPU
		{9D3710BB-4550-4825-8392-2763903BB335}.Debug|Any CPU.Build.0 = Debug|Any CPU
		{9D3710BB-4550-4825-8392-2763903BB335}.Debug|Any CPU.Deploy.0 = Debug|Any CPU
		{9D3710BB-4550-4825-8392-2763903BB335}.Debug|iPhone.ActiveCfg = Debug|Any CPU
		{9D3710BB-4550-4825-8392-2763903BB335}.Debug|iPhone.Build.0 = Debug|Any CPU
		{9D3710BB-4550-4825-8392-2763903BB335}.Debug|iPhone.Deploy.0 = Debug|Any CPU
		{9D3710BB-4550-4825-8392-2763903BB335}.Debug|iPhoneSimulator.ActiveCfg = Debug|Any CPU
		{9D3710BB-4550-4825-8392-2763903BB335}.Debug|iPhoneSimulator.Build.0 = Debug|Any CPU
		{9D3710BB-4550-4825-8392-2763903BB335}.Debug|iPhoneSimulator.Deploy.0 = Debug|Any CPU
		{9D3710BB-4550-4825-8392-2763903BB335}.Release|Any CPU.ActiveCfg = Release|Any CPU
		{9D3710BB-4550-4825-8392-2763903BB335}.Release|Any CPU.Build.0 = Release|Any CPU
		{9D3710BB-4550-4825-8392-2763903BB335}.Release|Any CPU.Deploy.0 = Release|Any CPU
		{9D3710BB-4550-4825-8392-2763903BB335}.Release|iPhone.ActiveCfg = Release|Any CPU
		{9D3710BB-4550-4825-8392-2763903BB335}.Release|iPhone.Build.0 = Release|Any CPU
		{9D3710BB-4550-4825-8392-2763903BB335}.Release|iPhone.Deploy.0 = Release|Any CPU
		{9D3710BB-4550-4825-8392-2763903BB335}.Release|iPhoneSimulator.ActiveCfg = Release|Any CPU
		{9D3710BB-4550-4825-8392-2763903BB335}.Release|iPhoneSimulator.Build.0 = Release|Any CPU
		{9D3710BB-4550-4825-8392-2763903BB335}.Release|iPhoneSimulator.Deploy.0 = Release|Any CPU
		{3370101A-47EC-49B4-ABAF-2249A70B79E3}.Ad-Hoc|Any CPU.ActiveCfg = Ad-Hoc|iPhone
		{3370101A-47EC-49B4-ABAF-2249A70B79E3}.Ad-Hoc|iPhone.ActiveCfg = Ad-Hoc|iPhone
		{3370101A-47EC-49B4-ABAF-2249A70B79E3}.Ad-Hoc|iPhone.Build.0 = Ad-Hoc|iPhone
		{3370101A-47EC-49B4-ABAF-2249A70B79E3}.Ad-Hoc|iPhoneSimulator.ActiveCfg = Ad-Hoc|iPhoneSimulator
		{3370101A-47EC-49B4-ABAF-2249A70B79E3}.Ad-Hoc|iPhoneSimulator.Build.0 = Ad-Hoc|iPhoneSimulator
		{3370101A-47EC-49B4-ABAF-2249A70B79E3}.AppStore|Any CPU.ActiveCfg = AppStore|iPhone
		{3370101A-47EC-49B4-ABAF-2249A70B79E3}.AppStore|iPhone.ActiveCfg = AppStore|iPhone
		{3370101A-47EC-49B4-ABAF-2249A70B79E3}.AppStore|iPhone.Build.0 = AppStore|iPhone
		{3370101A-47EC-49B4-ABAF-2249A70B79E3}.AppStore|iPhoneSimulator.ActiveCfg = AppStore|iPhoneSimulator
		{3370101A-47EC-49B4-ABAF-2249A70B79E3}.AppStore|iPhoneSimulator.Build.0 = AppStore|iPhoneSimulator
		{3370101A-47EC-49B4-ABAF-2249A70B79E3}.Debug|Any CPU.ActiveCfg = Debug|iPhone
		{3370101A-47EC-49B4-ABAF-2249A70B79E3}.Debug|iPhone.ActiveCfg = Debug|iPhone
		{3370101A-47EC-49B4-ABAF-2249A70B79E3}.Debug|iPhone.Build.0 = Debug|iPhone
		{3370101A-47EC-49B4-ABAF-2249A70B79E3}.Debug|iPhoneSimulator.ActiveCfg = Debug|iPhoneSimulator
		{3370101A-47EC-49B4-ABAF-2249A70B79E3}.Debug|iPhoneSimulator.Build.0 = Debug|iPhoneSimulator
		{3370101A-47EC-49B4-ABAF-2249A70B79E3}.Release|Any CPU.ActiveCfg = Release|iPhone
		{3370101A-47EC-49B4-ABAF-2249A70B79E3}.Release|iPhone.ActiveCfg = Release|iPhone
		{3370101A-47EC-49B4-ABAF-2249A70B79E3}.Release|iPhone.Build.0 = Release|iPhone
		{3370101A-47EC-49B4-ABAF-2249A70B79E3}.Release|iPhoneSimulator.ActiveCfg = Release|iPhoneSimulator
		{3370101A-47EC-49B4-ABAF-2249A70B79E3}.Release|iPhoneSimulator.Build.0 = Release|iPhoneSimulator
	EndGlobalSection
	GlobalSection(SolutionProperties) = preSolution
		HideSolutionNode = FALSE
	EndGlobalSection
	GlobalSection(ExtensibilityGlobals) = postSolution
		SolutionGuid = {972CB809-9DD6-494D-A449-F813946696DC}
	EndGlobalSection
EndGlobal
